// !$*UTF8*$!
{
	archiveVersion = 1;
	classes = {
	};
	objectVersion = 46;
	objects = {

/* Begin PBXBuildFile section */
		02D504C41B5BC76800E778D8 /* main.m in Sources */ = {isa = PBXBuildFile; fileRef = 02D504C31B5BC76800E778D8 /* main.m */; };
		02D504C71B5BC76800E778D8 /* AppDelegate.m in Sources */ = {isa = PBXBuildFile; fileRef = 02D504C61B5BC76800E778D8 /* AppDelegate.m */; };
		02D504CA1B5BC76800E778D8 /* ViewController.m in Sources */ = {isa = PBXBuildFile; fileRef = 02D504C91B5BC76800E778D8 /* ViewController.m */; };
		02D504CD1B5BC76800E778D8 /* Main.storyboard in Resources */ = {isa = PBXBuildFile; fileRef = 02D504CB1B5BC76800E778D8 /* Main.storyboard */; };
		02D504CF1B5BC76800E778D8 /* Images.xcassets in Resources */ = {isa = PBXBuildFile; fileRef = 02D504CE1B5BC76800E778D8 /* Images.xcassets */; };
		02D504D21B5BC76800E778D8 /* LaunchScreen.xib in Resources */ = {isa = PBXBuildFile; fileRef = 02D504D01B5BC76800E778D8 /* LaunchScreen.xib */; };
		02D504DE1B5BC76800E778D8 /* transformBlocksTests.m in Sources */ = {isa = PBXBuildFile; fileRef = 02D504DD1B5BC76800E778D8 /* transformBlocksTests.m */; };
		02D504E91B5BC77D00E778D8 /* RootViewController.m in Sources */ = {isa = PBXBuildFile; fileRef = 02D504E81B5BC77D00E778D8 /* RootViewController.m */; };
/* End PBXBuildFile section */

/* Begin PBXContainerItemProxy section */
		02D504D81B5BC76800E778D8 /* PBXContainerItemProxy */ = {
			isa = PBXContainerItemProxy;
			containerPortal = 02D504B61B5BC76800E778D8 /* Project object */;
			proxyType = 1;
			remoteGlobalIDString = 02D504BD1B5BC76800E778D8;
			remoteInfo = transformBlocks;
		};
/* End PBXContainerItemProxy section */

/* Begin PBXFileReference section */
		02D504BE1B5BC76800E778D8 /* transformBlocks.app */ = {isa = PBXFileReference; explicitFileType = wrapper.application; includeInIndex = 0; path = transformBlocks.app; sourceTree = BUILT_PRODUCTS_DIR; };
		02D504C21B5BC76800E778D8 /* Info.plist */ = {isa = PBXFileReference; lastKnownFileType = text.plist.xml; path = Info.plist; sourceTree = "<group>"; };
		02D504C31B5BC76800E778D8 /* main.m */ = {isa = PBXFileReference; lastKnownFileType = sourcecode.c.objc; path = main.m; sourceTree = "<group>"; };
		02D504C51B5BC76800E778D8 /* AppDelegate.h */ = {isa = PBXFileReference; lastKnownFileType = sourcecode.c.h; path = AppDelegate.h; sourceTree = "<group>"; };
		02D504C61B5BC76800E778D8 /* AppDelegate.m */ = {isa = PBXFileReference; lastKnownFileType = sourcecode.c.objc; path = AppDelegate.m; sourceTree = "<group>"; };
		02D504C81B5BC76800E778D8 /* ViewController.h */ = {isa = PBXFileReference; lastKnownFileType = sourcecode.c.h; path = ViewController.h; sourceTree = "<group>"; };
		02D504C91B5BC76800E778D8 /* ViewController.m */ = {isa = PBXFileReference; lastKnownFileType = sourcecode.c.objc; path = ViewController.m; sourceTree = "<group>"; };
		02D504CC1B5BC76800E778D8 /* Base */ = {isa = PBXFileReference; lastKnownFileType = file.storyboard; name = Base; path = Base.lproj/Main.storyboard; sourceTree = "<group>"; };
		02D504CE1B5BC76800E778D8 /* Images.xcassets */ = {isa = PBXFileReference; lastKnownFileType = folder.assetcatalog; path = Images.xcassets; sourceTree = "<group>"; };
		02D504D11B5BC76800E778D8 /* Base */ = {isa = PBXFileReference; lastKnownFileType = file.xib; name = Base; path = Base.lproj/LaunchScreen.xib; sourceTree = "<group>"; };
		02D504D71B5BC76800E778D8 /* transformBlocksTests.xctest */ = {isa = PBXFileReference; explicitFileType = wrapper.cfbundle; includeInIndex = 0; path = transformBlocksTests.xctest; sourceTree = BUILT_PRODUCTS_DIR; };
		02D504DC1B5BC76800E778D8 /* Info.plist */ = {isa = PBXFileReference; lastKnownFileType = text.plist.xml; path = Info.plist; sourceTree = "<group>"; };
		02D504DD1B5BC76800E778D8 /* transformBlocksTests.m */ = {isa = PBXFileReference; lastKnownFileType = sourcecode.c.objc; path = transformBlocksTests.m; sourceTree = "<group>"; };
		02D504E71B5BC77D00E778D8 /* RootViewController.h */ = {isa = PBXFileReference; fileEncoding = 4; lastKnownFileType = sourcecode.c.h; path = RootViewController.h; sourceTree = "<group>"; };
		02D504E81B5BC77D00E778D8 /* RootViewController.m */ = {isa = PBXFileReference; fileEncoding = 4; lastKnownFileType = sourcecode.c.objc; path = RootViewController.m; sourceTree = "<group>"; };
/* End PBXFileReference section */

/* Begin PBXFrameworksBuildPhase section */
		02D504BB1B5BC76800E778D8 /* Frameworks */ = {
			isa = PBXFrameworksBuildPhase;
			buildActionMask = 2147483647;
			files = (
			);
			runOnlyForDeploymentPostprocessing = 0;
		};
		02D504D41B5BC76800E778D8 /* Frameworks */ = {
			isa = PBXFrameworksBuildPhase;
			buildActionMask = 2147483647;
			files = (
			);
			runOnlyForDeploymentPostprocessing = 0;
		};
/* End PBXFrameworksBuildPhase section */

/* Begin PBXGroup section */
		02D504B51B5BC76800E778D8 = {
			isa = PBXGroup;
			children = (
				02D504C01B5BC76800E778D8 /* transformBlocks */,
				02D504DA1B5BC76800E778D8 /* transformBlocksTests */,
				02D504BF1B5BC76800E778D8 /* Products */,
			);
			sourceTree = "<group>";
		};
		02D504BF1B5BC76800E778D8 /* Products */ = {
			isa = PBXGroup;
			children = (
				02D504BE1B5BC76800E778D8 /* transformBlocks.app */,
				02D504D71B5BC76800E778D8 /* transformBlocksTests.xctest */,
			);
			name = Products;
			sourceTree = "<group>";
		};
		02D504C01B5BC76800E778D8 /* transformBlocks */ = {
			isa = PBXGroup;
			children = (
				02D504C51B5BC76800E778D8 /* AppDelegate.h */,
				02D504C61B5BC76800E778D8 /* AppDelegate.m */,
				02D504E71B5BC77D00E778D8 /* RootViewController.h */,
				02D504E81B5BC77D00E778D8 /* RootViewController.m */,
				02D504C81B5BC76800E778D8 /* ViewController.h */,
				02D504C91B5BC76800E778D8 /* ViewController.m */,
				02D504CB1B5BC76800E778D8 /* Main.storyboard */,
				02D504CE1B5BC76800E778D8 /* Images.xcassets */,
				02D504D01B5BC76800E778D8 /* LaunchScreen.xib */,
				02D504C11B5BC76800E778D8 /* Supporting Files */,
			);
			path = transformBlocks;
			sourceTree = "<group>";
		};
		02D504C11B5BC76800E778D8 /* Supporting Files */ = {
			isa = PBXGroup;
			children = (
				02D504C21B5BC76800E778D8 /* Info.plist */,
				02D504C31B5BC76800E778D8 /* main.m */,
			);
			name = "Supporting Files";
			sourceTree = "<group>";
		};
		02D504DA1B5BC76800E778D8 /* transformBlocksTests */ = {
			isa = PBXGroup;
			children = (
				02D504DD1B5BC76800E778D8 /* transformBlocksTests.m */,
				02D504DB1B5BC76800E778D8 /* Supporting Files */,
			);
			path = transformBlocksTests;
			sourceTree = "<group>";
		};
		02D504DB1B5BC76800E778D8 /* Supporting Files */ = {
			isa = PBXGroup;
			children = (
				02D504DC1B5BC76800E778D8 /* Info.plist */,
			);
			name = "Supporting Files";
			sourceTree = "<group>";
		};
/* End PBXGroup section */

/* Begin PBXNativeTarget section */
		02D504BD1B5BC76800E778D8 /* transformBlocks */ = {
			isa = PBXNativeTarget;
			buildConfigurationList = 02D504E11B5BC76800E778D8 /* Build configuration list for PBXNativeTarget "transformBlocks" */;
			buildPhases = (
				02D504BA1B5BC76800E778D8 /* Sources */,
				02D504BB1B5BC76800E778D8 /* Frameworks */,
				02D504BC1B5BC76800E778D8 /* Resources */,
			);
			buildRules = (
			);
			dependencies = (
			);
			name = transformBlocks;
			productName = transformBlocks;
			productReference = 02D504BE1B5BC76800E778D8 /* transformBlocks.app */;
			productType = "com.apple.product-type.application";
		};
		02D504D61B5BC76800E778D8 /* transformBlocksTests */ = {
			isa = PBXNativeTarget;
			buildConfigurationList = 02D504E41B5BC76800E778D8 /* Build configuration list for PBXNativeTarget "transformBlocksTests" */;
			buildPhases = (
				02D504D31B5BC76800E778D8 /* Sources */,
				02D504D41B5BC76800E778D8 /* Frameworks */,
				02D504D51B5BC76800E778D8 /* Resources */,
			);
			buildRules = (
			);
			dependencies = (
				02D504D91B5BC76800E778D8 /* PBXTargetDependency */,
			);
			name = transformBlocksTests;
			productName = transformBlocksTests;
			productReference = 02D504D71B5BC76800E778D8 /* transformBlocksTests.xctest */;
			productType = "com.apple.product-type.bundle.unit-test";
		};
/* End PBXNativeTarget section */

/* Begin PBXProject section */
		02D504B61B5BC76800E778D8 /* Project object */ = {
			isa = PBXProject;
			attributes = {
				LastUpgradeCheck = 0630;
				ORGANIZATIONNAME = Guan;
				TargetAttributes = {
					02D504BD1B5BC76800E778D8 = {
						CreatedOnToolsVersion = 6.3;
					};
					02D504D61B5BC76800E778D8 = {
						CreatedOnToolsVersion = 6.3;
						TestTargetID = 02D504BD1B5BC76800E778D8;
					};
				};
			};
			buildConfigurationList = 02D504B91B5BC76800E778D8 /* Build configuration list for PBXProject "transformBlocks" */;
			compatibilityVersion = "Xcode 3.2";
			developmentRegion = English;
			hasScannedForEncodings = 0;
			knownRegions = (
				en,
				Base,
			);
			mainGroup = 02D504B51B5BC76800E778D8;
			productRefGroup = 02D504BF1B5BC76800E778D8 /* Products */;
			projectDirPath = "";
			projectRoot = "";
			targets = (
				02D504BD1B5BC76800E778D8 /* transformBlocks */,
				02D504D61B5BC76800E778D8 /* transformBlocksTests */,
			);
		};
/* End PBXProject section */

/* Begin PBXResourcesBuildPhase section */
		02D504BC1B5BC76800E778D8 /* Resources */ = {
			isa = PBXResourcesBuildPhase;
			buildActionMask = 2147483647;
			files = (
				02D504CD1B5BC76800E778D8 /* Main.storyboard in Resources */,
				02D504D21B5BC76800E778D8 /* LaunchScreen.xib in Resources */,
				02D504CF1B5BC76800E778D8 /* Images.xcassets in Resources */,
			);
			runOnlyForDeploymentPostprocessing = 0;
		};
		02D504D51B5BC76800E778D8 /* Resources */ = {
			isa = PBXResourcesBuildPhase;
			buildActionMask = 2147483647;
			files = (
			);
			runOnlyForDeploymentPostprocessing = 0;
		};
/* End PBXResourcesBuildPhase section */

/* Begin PBXSourcesBuildPhase section */
		02D504BA1B5BC76800E778D8 /* Sources */ = {
			isa = PBXSourcesBuildPhase;
			buildActionMask = 2147483647;
			files = (
				02D504CA1B5BC76800E778D8 /* ViewController.m in Sources */,
				02D504C71B5BC76800E778D8 /* AppDelegate.m in Sources */,
				02D504E91B5BC77D00E778D8 /* RootViewController.m in Sources */,
				02D504C41B5BC76800E778D8 /* main.m in Sources */,
			);
			runOnlyForDeploymentPostprocessing = 0;
		};
		02D504D31B5BC76800E778D8 /* Sources */ = {
			isa = PBXSourcesBuildPhase;
			buildActionMask = 2147483647;
			files = (
				02D504DE1B5BC76800E778D8 /* transformBlocksTests.m in Sources */,
			);
			runOnlyForDeploymentPostprocessing = 0;
		};
/* End PBXSourcesBuildPhase section */

/* Begin PBXTargetDependency section */
		02D504D91B5BC76800E778D8 /* PBXTargetDependency */ = {
			isa = PBXTargetDependency;
			target = 02D504BD1B5BC76800E778D8 /* transformBlocks */;
			targetProxy = 02D504D81B5BC76800E778D8 /* PBXContainerItemProxy */;
		};
/* End PBXTargetDependency section */

/* Begin PBXVariantGroup section */
		02D504CB1B5BC76800E778D8 /* Main.storyboard */ = {
			isa = PBXVariantGroup;
			children = (
				02D504CC1B5BC76800E778D8 /* Base */,
			);
			name = Main.storyboard;
			sourceTree = "<group>";
		};
		02D504D01B5BC76800E778D8 /* LaunchScreen.xib */ = {
			isa = PBXVariantGroup;
			children = (
				02D504D11B5BC76800E778D8 /* Base */,
			);
			name = LaunchScreen.xib;
			sourceTree = "<group>";
		};
/* End PBXVariantGroup section */

/* Begin XCBuildConfiguration section */
		02D504DF1B5BC76800E778D8 /* Debug */ = {
			isa = XCBuildConfiguration;
			buildSettings = {
				ALWAYS_SEARCH_USER_PATHS = NO;
				CLANG_CXX_LANGUAGE_STANDARD = "gnu++0x";
				CLANG_CXX_LIBRARY = "libc++";
				CLANG_ENABLE_MODULES = YES;
				CLANG_ENABLE_OBJC_ARC = YES;
				CLANG_WARN_BOOL_CONVERSION = YES;
				CLANG_WARN_CONSTANT_CONVERSION = YES;
				CLANG_WARN_DIRECT_OBJC_ISA_USAGE = YES_ERROR;
				CLANG_WARN_EMPTY_BODY = YES;
				CLANG_WARN_ENUM_CONVERSION = YES;
				CLANG_WARN_INT_CONVERSION = YES;
				CLANG_WARN_OBJC_ROOT_CLASS = YES_ERROR;
				CLANG_WARN_UNREACHABLE_CODE = YES;
				CLANG_WARN__DUPLICATE_METHOD_MATCH = YES;
				"CODE_SIGN_IDENTITY[sdk=iphoneos*]" = "iPhone Developer";
				COPY_PHASE_STRIP = NO;
				DEBUG_INFORMATION_FORMAT = "dwarf-with-dsym";
				ENABLE_STRICT_OBJC_MSGSEND = YES;
				GCC_C_LANGUAGE_STANDARD = gnu99;
				GCC_DYNAMIC_NO_PIC = NO;
				GCC_NO_COMMON_BLOCKS = YES;
				GCC_OPTIMIZATION_LEVEL = 0;
				GCC_PREPROCESSOR_DEFINITIONS = (
					"DEBUG=1",
					"$(inherited)",
				);
				GCC_SYMBOLS_PRIVATE_EXTERN = NO;
				GCC_WARN_64_TO_32_BIT_CONVERSION = YES;
				GCC_WARN_ABOUT_RETURN_TYPE = YES_ERROR;
				GCC_WARN_UNDECLARED_SELECTOR = YES;
				GCC_WARN_UNINITIALIZED_AUTOS = YES_AGGRESSIVE;
				GCC_WARN_UNUSED_FUNCTION = YES;
				GCC_WARN_UNUSED_VARIABLE = YES;
				IPHONEOS_DEPLOYMENT_TARGET = 8.3;
				MTL_ENABLE_DEBUG_INFO = YES;
				ONLY_ACTIVE_ARCH = YES;
				SDKROOT = iphoneos;
			};
			name = Debug;
		};
		02D504E01B5BC76800E778D8 /* Release */ = {
			isa = XCBuildConfiguration;
			buildSettings = {
				ALWAYS_SEARCH_USER_PATHS = NO;
				CLANG_CXX_LANGUAGE_STANDARD = "gnu++0x";
				CLANG_CXX_LIBRARY = "libc++";
				CLANG_ENABLE_MODULES = YES;
				CLANG_ENABLE_OBJC_ARC = YES;
				CLANG_WARN_BOOL_CONVERSION = YES;
				CLANG_WARN_CONSTANT_CONVERSION = YES;
				CLANG_WARN_DIRECT_OBJC_ISA_USAGE = YES_ERROR;
				CLANG_WARN_EMPTY_BODY = YES;
				CLANG_WARN_ENUM_CONVERSION = YES;
				CLANG_WARN_INT_CONVERSION = YES;
				CLANG_WARN_OBJC_ROOT_CLASS = YES_ERROR;
				CLANG_WARN_UNREACHABLE_CODE = YES;
				CLANG_WARN__DUPLICATE_METHOD_MATCH = YES;
				"CODE_SIGN_IDENTITY[sdk=iphoneos*]" = "iPhone Developer";
				COPY_PHASE_STRIP = NO;
				DEBUG_INFORMATION_FORMAT = "dwarf-with-dsym";
				ENABLE_NS_ASSERTIONS = NO;
				ENABLE_STRICT_OBJC_MSGSEND = YES;
				GCC_C_LANGUAGE_STANDARD = gnu99;
				GCC_NO_COMMON_BLOCKS = YES;
				GCC_WARN_64_TO_32_BIT_CONVERSION = YES;
				GCC_WARN_ABOUT_RETURN_TYPE = YES_ERROR;
				GCC_WARN_UNDECLARED_SELECTOR = YES;
				GCC_WARN_UNINITIALIZED_AUTOS = YES_AGGRESSIVE;
				GCC_WARN_UNUSED_FUNCTION = YES;
				GCC_WARN_UNUSED_VARIABLE = YES;
				IPHONEOS_DEPLOYMENT_TARGET = 8.3;
				MTL_ENABLE_DEBUG_INFO = NO;
				SDKROOT = iphoneos;
				VALIDATE_PRODUCT = YES;
			};
			name = Release;
		};
		02D504E21B5BC76800E778D8 /* Debug */ = {
			isa = XCBuildConfiguration;
			buildSettings = {
				ASSETCATALOG_COMPILER_APPICON_NAME = AppIcon;
				INFOPLIST_FILE = transformBlocks/Info.plist;
				LD_RUNPATH_SEARCH_PATHS = "$(inherited) @executable_path/Frameworks";
				PRODUCT_NAME = "$(TARGET_NAME)";
			};
			name = Debug;
		};
		02D504E31B5BC76800E778D8 /* Release */ = {
			isa = XCBuildConfiguration;
			buildSettings = {
				ASSETCATALOG_COMPILER_APPICON_NAME = AppIcon;
				INFOPLIST_FILE = transformBlocks/Info.plist;
				LD_RUNPATH_SEARCH_PATHS = "$(inherited) @executable_path/Frameworks";
				PRODUCT_NAME = "$(TARGET_NAME)";
			};
			name = Release;
		};
		02D504E51B5BC76800E778D8 /* Debug */ = {
			isa = XCBuildConfiguration;
			buildSettings = {
				BUNDLE_LOADER = "$(TEST_HOST)";
				FRAMEWORK_SEARCH_PATHS = (
					"$(SDKROOT)/Developer/Library/Frameworks",
					"$(inherited)",
				);
				GCC_PREPROCESSOR_DEFINITIONS = (
					"DEBUG=1",
					"$(inherited)",
				);
				INFOPLIST_FILE = transformBlocksTests/Info.plist;
				LD_RUNPATH_SEARCH_PATHS = "$(inherited) @executable_path/Frameworks @loader_path/Frameworks";
				PRODUCT_NAME = "$(TARGET_NAME)";
				TEST_HOST = "$(BUILT_PRODUCTS_DIR)/transformBlocks.app/transformBlocks";
			};
			name = Debug;
		};
		02D504E61B5BC76800E778D8 /* Release */ = {
			isa = XCBuildConfiguration;
			buildSettings = {
				BUNDLE_LOADER = "$(TEST_HOST)";
				FRAMEWORK_SEARCH_PATHS = (
					"$(SDKROOT)/Developer/Library/Frameworks",
					"$(inherited)",
				);
				INFOPLIST_FILE = transformBlocksTests/Info.plist;
				LD_RUNPATH_SEARCH_PATHS = "$(inherited) @executable_path/Frameworks @loader_path/Frameworks";
				PRODUCT_NAME = "$(TARGET_NAME)";
				TEST_HOST = "$(BUILT_PRODUCTS_DIR)/transformBlocks.app/transformBlocks";
			};
			name = Release;
		};
/* End XCBuildConfiguration section */

/* Begin XCConfigurationList section */
		02D504B91B5BC76800E778D8 /* Build configuration list for PBXProject "transformBlocks" */ = {
			isa = XCConfigurationList;
			buildConfigurations = (
				02D504DF1B5BC76800E778D8 /* Debug */,
				02D504E01B5BC76800E778D8 /* Release */,
			);
			defaultConfigurationIsVisible = 0;
			defaultConfigurationName = Release;
		};
		02D504E11B5BC76800E778D8 /* Build configuration list for PBXNativeTarget "transformBlocks" */ = {
			isa = XCConfigurationList;
			buildConfigurations = (
				02D504E21B5BC76800E778D8 /* Debug */,
				02D504E31B5BC76800E778D8 /* Release */,
			);
			defaultConfigurationIsVisible = 0;
		};
		02D504E41B5BC76800E778D8 /* Build configuration list for PBXNativeTarget "transformBlocksTests" */ = {
			isa = XCConfigurationList;
			buildConfigurations = (
				02D504E51B5BC76800E778D8 /* Debug */,
				02D504E61B5BC76800E778D8 /* Release */,
			);
			defaultConfigurationIsVisible = 0;
		};
/* End XCConfigurationList section */
	};
	rootObject = 02D504B61B5BC76800E778D8 /* Project object */;
}
